
Microsoft Visual Studio Solution File, Format Version 12.00
# Visual Studio Version 17
VisualStudioVersion = 17.11.35222.181
MinimumVisualStudioVersion = 10.0.40219.1
Project("{FAE04EC0-301F-11D3-BF4B-00C04F79EFBC}") = "ConsoleApp1", "ConsoleApp1\ConsoleApp1.csproj", "{3F1E5E2E-0364-44B6-91C7-6D73BE703219}"
EndProject
Project("{FAE04EC0-301F-11D3-BF4B-00C04F79EFBC}") = "TestCalculations", "TestCalculations\TestCalculations.csproj", "{23758AEF-245A-4E84-8192-696D8C625924}"
EndProject
Global
	GlobalSection(SolutionConfigurationPlatforms) = preSolution
		Debug|Any CPU = Debug|Any CPU
		Release|Any CPU = Release|Any CPU
	EndGlobalSection
	GlobalSection(ProjectConfigurationPlatforms) = postSolution
		{3F1E5E2E-0364-44B6-91C7-6D73BE703219}.Debug|Any CPU.ActiveCfg = Debug|Any CPU
		{3F1E5E2E-0364-44B6-91C7-6D73BE703219}.Debug|Any CPU.Build.0 = Debug|Any CPU
		{3F1E5E2E-0364-44B6-91C7-6D73BE703219}.Release|Any CPU.ActiveCfg = Release|Any CPU
		{3F1E5E2E-0364-44B6-91C7-6D73BE703219}.Release|Any CPU.Build.0 = Release|Any CPU
		{23758AEF-245A-4E84-8192-696D8C625924}.Debug|Any CPU.ActiveCfg = Debug|Any CPU
		{23758AEF-245A-4E84-8192-696D8C625924}.Debug|Any CPU.Build.0 = Debug|Any CPU
		{23758AEF-245A-4E84-8192-696D8C625924}.Release|Any CPU.ActiveCfg = Release|Any CPU
		{23758AEF-245A-4E84-8192-696D8C625924}.Release|Any CPU.Build.0 = Release|Any CPU
	EndGlobalSection
	GlobalSection(SolutionProperties) = preSolution
		HideSolutionNode = FALSE
	EndGlobalSection
	GlobalSection(ExtensibilityGlobals) = postSolution
		SolutionGuid = {4764ECCE-1A3F-49B6-9EB0-78EB97C3762F}
	EndGlobalSection
EndGlobal
